// !$*UTF8*$!
{
	archiveVersion = 1;
	classes = {
	};
	objectVersion = 45;
	objects = {

/* Begin PBXBuildFile section */
		1D3623260D0F684500981E51 /* iPlanAppDelegate.m in Sources */ = {isa = PBXBuildFile; fileRef = 1D3623250D0F684500981E51 /* iPlanAppDelegate.m */; };
		1D60589B0D05DD56006BFB54 /* main.m in Sources */ = {isa = PBXBuildFile; fileRef = 29B97316FDCFA39411CA2CEA /* main.m */; };
		1D60589F0D05DD5A006BFB54 /* Foundation.framework in Frameworks */ = {isa = PBXBuildFile; fileRef = 1D30AB110D05D00D00671497 /* Foundation.framework */; };
		1DF5F4E00D08C38300B7A737 /* UIKit.framework in Frameworks */ = {isa = PBXBuildFile; fileRef = 1DF5F4DF0D08C38300B7A737 /* UIKit.framework */; };
		288765A50DF7441C002DB57D /* CoreGraphics.framework in Frameworks */ = {isa = PBXBuildFile; fileRef = 288765A40DF7441C002DB57D /* CoreGraphics.framework */; };
		2899E5220DE3E06400AC0155 /* iPlanViewController.xib in Resources */ = {isa = PBXBuildFile; fileRef = 2899E5210DE3E06400AC0155 /* iPlanViewController.xib */; };
		28AD733F0D9D9553002E5188 /* MainWindow.xib in Resources */ = {isa = PBXBuildFile; fileRef = 28AD733E0D9D9553002E5188 /* MainWindow.xib */; };
		28D7ACF80DDB3853001CB0EB /* iPlanViewController.m in Sources */ = {isa = PBXBuildFile; fileRef = 28D7ACF70DDB3853001CB0EB /* iPlanViewController.m */; };
		43D2F44A13B0E65F006EAA46 /* CalendarViewController.m in Sources */ = {isa = PBXBuildFile; fileRef = 43D2F44913B0E65F006EAA46 /* CalendarViewController.m */; };
		43D2F44F13B0E68D006EAA46 /* ModuleListViewController.m in Sources */ = {isa = PBXBuildFile; fileRef = 43D2F44E13B0E68D006EAA46 /* ModuleListViewController.m */; };
		43D2F45413B0E6B0006EAA46 /* SettingsViewController.m in Sources */ = {isa = PBXBuildFile; fileRef = 43D2F45313B0E6B0006EAA46 /* SettingsViewController.m */; };
		B6491D6013AF8B7200782587 /* IPlanUtility.m in Sources */ = {isa = PBXBuildFile; fileRef = B6491D5F13AF8B7200782587 /* IPlanUtility.m */; };
		B6ED0D7213AC8BFB003C229D /* ModuleXMLParser.m in Sources */ = {isa = PBXBuildFile; fileRef = B6ED0D7113AC8BFB003C229D /* ModuleXMLParser.m */; };
		B6ED0D8213AC9F02003C229D /* XMLFaculty.m in Sources */ = {isa = PBXBuildFile; fileRef = B6ED0D8113AC9F02003C229D /* XMLFaculty.m */; };
		B6ED0D8513AC9F10003C229D /* XMLModule.m in Sources */ = {isa = PBXBuildFile; fileRef = B6ED0D8413AC9F10003C229D /* XMLModule.m */; };
		B6ED0D8813AC9F24003C229D /* XMLTimeTableSlot.m in Sources */ = {isa = PBXBuildFile; fileRef = B6ED0D8713AC9F24003C229D /* XMLTimeTableSlot.m */; };
		B6ED0EC513ADE1F8003C229D /* ClassGroup.m in Sources */ = {isa = PBXBuildFile; fileRef = B6ED0EBA13ADE1F8003C229D /* ClassGroup.m */; };
		B6ED0EC613ADE1F8003C229D /* ModelLogic.m in Sources */ = {isa = PBXBuildFile; fileRef = B6ED0EBC13ADE1F8003C229D /* ModelLogic.m */; };
		B6ED0EC713ADE1F8003C229D /* Module.m in Sources */ = {isa = PBXBuildFile; fileRef = B6ED0EBE13ADE1F8003C229D /* Module.m */; };
		B6ED0EC813ADE1F8003C229D /* ModuleClassType.m in Sources */ = {isa = PBXBuildFile; fileRef = B6ED0EC013ADE1F8003C229D /* ModuleClassType.m */; };
		B6ED0EC913ADE1F8003C229D /* Slot.m in Sources */ = {isa = PBXBuildFile; fileRef = B6ED0EC213ADE1F8003C229D /* Slot.m */; };
		B6ED0ECA13ADE1F8003C229D /* TimeTable.m in Sources */ = {isa = PBXBuildFile; fileRef = B6ED0EC413ADE1F8003C229D /* TimeTable.m */; };
/* End PBXBuildFile section */

/* Begin PBXFileReference section */
		1D30AB110D05D00D00671497 /* Foundation.framework */ = {isa = PBXFileReference; lastKnownFileType = wrapper.framework; name = Foundation.framework; path = System/Library/Frameworks/Foundation.framework; sourceTree = SDKROOT; };
		1D3623240D0F684500981E51 /* iPlanAppDelegate.h */ = {isa = PBXFileReference; fileEncoding = 4; lastKnownFileType = sourcecode.c.h; path = iPlanAppDelegate.h; sourceTree = "<group>"; };
		1D3623250D0F684500981E51 /* iPlanAppDelegate.m */ = {isa = PBXFileReference; fileEncoding = 4; lastKnownFileType = sourcecode.c.objc; path = iPlanAppDelegate.m; sourceTree = "<group>"; };
		1D6058910D05DD3D006BFB54 /* iPlan.app */ = {isa = PBXFileReference; explicitFileType = wrapper.application; includeInIndex = 0; path = iPlan.app; sourceTree = BUILT_PRODUCTS_DIR; };
		1DF5F4DF0D08C38300B7A737 /* UIKit.framework */ = {isa = PBXFileReference; lastKnownFileType = wrapper.framework; name = UIKit.framework; path = System/Library/Frameworks/UIKit.framework; sourceTree = SDKROOT; };
		1E944D3413AC663F00968E0A /* ConstantFile.h */ = {isa = PBXFileReference; fileEncoding = 4; lastKnownFileType = sourcecode.c.h; path = ConstantFile.h; sourceTree = "<group>"; };
		288765A40DF7441C002DB57D /* CoreGraphics.framework */ = {isa = PBXFileReference; lastKnownFileType = wrapper.framework; name = CoreGraphics.framework; path = System/Library/Frameworks/CoreGraphics.framework; sourceTree = SDKROOT; };
		2899E5210DE3E06400AC0155 /* iPlanViewController.xib */ = {isa = PBXFileReference; lastKnownFileType = file.xib; path = iPlanViewController.xib; sourceTree = "<group>"; };
		28AD733E0D9D9553002E5188 /* MainWindow.xib */ = {isa = PBXFileReference; lastKnownFileType = file.xib; path = MainWindow.xib; sourceTree = "<group>"; };
		28D7ACF60DDB3853001CB0EB /* iPlanViewController.h */ = {isa = PBXFileReference; fileEncoding = 4; lastKnownFileType = sourcecode.c.h; path = iPlanViewController.h; sourceTree = "<group>"; };
		28D7ACF70DDB3853001CB0EB /* iPlanViewController.m */ = {isa = PBXFileReference; fileEncoding = 4; lastKnownFileType = sourcecode.c.objc; path = iPlanViewController.m; sourceTree = "<group>"; };
		29B97316FDCFA39411CA2CEA /* main.m */ = {isa = PBXFileReference; fileEncoding = 4; lastKnownFileType = sourcecode.c.objc; path = main.m; sourceTree = "<group>"; };
		32CA4F630368D1EE00C91783 /* iPlan_Prefix.pch */ = {isa = PBXFileReference; fileEncoding = 4; lastKnownFileType = sourcecode.c.h; path = iPlan_Prefix.pch; sourceTree = "<group>"; };
		43D2F44813B0E65F006EAA46 /* CalendarViewController.h */ = {isa = PBXFileReference; fileEncoding = 4; lastKnownFileType = sourcecode.c.h; path = CalendarViewController.h; sourceTree = "<group>"; };
		43D2F44913B0E65F006EAA46 /* CalendarViewController.m */ = {isa = PBXFileReference; fileEncoding = 4; lastKnownFileType = sourcecode.c.objc; path = CalendarViewController.m; sourceTree = "<group>"; };
		43D2F44D13B0E68D006EAA46 /* ModuleListViewController.h */ = {isa = PBXFileReference; fileEncoding = 4; lastKnownFileType = sourcecode.c.h; path = ModuleListViewController.h; sourceTree = "<group>"; };
		43D2F44E13B0E68D006EAA46 /* ModuleListViewController.m */ = {isa = PBXFileReference; fileEncoding = 4; lastKnownFileType = sourcecode.c.objc; path = ModuleListViewController.m; sourceTree = "<group>"; };
		43D2F45213B0E6B0006EAA46 /* SettingsViewController.h */ = {isa = PBXFileReference; fileEncoding = 4; lastKnownFileType = sourcecode.c.h; path = SettingsViewController.h; sourceTree = "<group>"; };
		43D2F45313B0E6B0006EAA46 /* SettingsViewController.m */ = {isa = PBXFileReference; fileEncoding = 4; lastKnownFileType = sourcecode.c.objc; path = SettingsViewController.m; sourceTree = "<group>"; };
		8D1107310486CEB800E47090 /* iPlan-Info.plist */ = {isa = PBXFileReference; fileEncoding = 4; lastKnownFileType = text.plist.xml; path = "iPlan-Info.plist"; plistStructureDefinitionIdentifier = "com.apple.xcode.plist.structure-definition.iphone.info-plist"; sourceTree = "<group>"; };
		B6491D5E13AF8B7200782587 /* IPlanUtility.h */ = {isa = PBXFileReference; fileEncoding = 4; lastKnownFileType = sourcecode.c.h; path = IPlanUtility.h; sourceTree = "<group>"; };
		B6491D5F13AF8B7200782587 /* IPlanUtility.m */ = {isa = PBXFileReference; fileEncoding = 4; lastKnownFileType = sourcecode.c.objc; path = IPlanUtility.m; sourceTree = "<group>"; };
		B6ED0D7013AC8BFB003C229D /* ModuleXMLParser.h */ = {isa = PBXFileReference; fileEncoding = 4; lastKnownFileType = sourcecode.c.h; path = ModuleXMLParser.h; sourceTree = "<group>"; };
		B6ED0D7113AC8BFB003C229D /* ModuleXMLParser.m */ = {isa = PBXFileReference; fileEncoding = 4; lastKnownFileType = sourcecode.c.objc; path = ModuleXMLParser.m; sourceTree = "<group>"; };
		B6ED0D8013AC9F02003C229D /* XMLFaculty.h */ = {isa = PBXFileReference; fileEncoding = 4; lastKnownFileType = sourcecode.c.h; path = XMLFaculty.h; sourceTree = "<group>"; };
		B6ED0D8113AC9F02003C229D /* XMLFaculty.m */ = {isa = PBXFileReference; fileEncoding = 4; lastKnownFileType = sourcecode.c.objc; path = XMLFaculty.m; sourceTree = "<group>"; };
		B6ED0D8313AC9F10003C229D /* XMLModule.h */ = {isa = PBXFileReference; fileEncoding = 4; lastKnownFileType = sourcecode.c.h; path = XMLModule.h; sourceTree = "<group>"; };
		B6ED0D8413AC9F10003C229D /* XMLModule.m */ = {isa = PBXFileReference; fileEncoding = 4; lastKnownFileType = sourcecode.c.objc; path = XMLModule.m; sourceTree = "<group>"; };
		B6ED0D8613AC9F24003C229D /* XMLTimeTableSlot.h */ = {isa = PBXFileReference; fileEncoding = 4; lastKnownFileType = sourcecode.c.h; path = XMLTimeTableSlot.h; sourceTree = "<group>"; };
		B6ED0D8713AC9F24003C229D /* XMLTimeTableSlot.m */ = {isa = PBXFileReference; fileEncoding = 4; lastKnownFileType = sourcecode.c.objc; path = XMLTimeTableSlot.m; sourceTree = "<group>"; };
		B6ED0EB913ADE1F8003C229D /* ClassGroup.h */ = {isa = PBXFileReference; fileEncoding = 4; lastKnownFileType = sourcecode.c.h; path = ClassGroup.h; sourceTree = "<group>"; };
		B6ED0EBA13ADE1F8003C229D /* ClassGroup.m */ = {isa = PBXFileReference; fileEncoding = 4; lastKnownFileType = sourcecode.c.objc; path = ClassGroup.m; sourceTree = "<group>"; };
		B6ED0EBB13ADE1F8003C229D /* ModelLogic.h */ = {isa = PBXFileReference; fileEncoding = 4; lastKnownFileType = sourcecode.c.h; path = ModelLogic.h; sourceTree = "<group>"; };
		B6ED0EBC13ADE1F8003C229D /* ModelLogic.m */ = {isa = PBXFileReference; fileEncoding = 4; lastKnownFileType = sourcecode.c.objc; path = ModelLogic.m; sourceTree = "<group>"; };
		B6ED0EBD13ADE1F8003C229D /* Module.h */ = {isa = PBXFileReference; fileEncoding = 4; lastKnownFileType = sourcecode.c.h; path = Module.h; sourceTree = "<group>"; };
		B6ED0EBE13ADE1F8003C229D /* Module.m */ = {isa = PBXFileReference; fileEncoding = 4; lastKnownFileType = sourcecode.c.objc; path = Module.m; sourceTree = "<group>"; };
		B6ED0EBF13ADE1F8003C229D /* ModuleClassType.h */ = {isa = PBXFileReference; fileEncoding = 4; lastKnownFileType = sourcecode.c.h; path = ModuleClassType.h; sourceTree = "<group>"; };
		B6ED0EC013ADE1F8003C229D /* ModuleClassType.m */ = {isa = PBXFileReference; fileEncoding = 4; lastKnownFileType = sourcecode.c.objc; path = ModuleClassType.m; sourceTree = "<group>"; };
		B6ED0EC113ADE1F8003C229D /* Slot.h */ = {isa = PBXFileReference; fileEncoding = 4; lastKnownFileType = sourcecode.c.h; path = Slot.h; sourceTree = "<group>"; };
		B6ED0EC213ADE1F8003C229D /* Slot.m */ = {isa = PBXFileReference; fileEncoding = 4; lastKnownFileType = sourcecode.c.objc; path = Slot.m; sourceTree = "<group>"; };
		B6ED0EC313ADE1F8003C229D /* TimeTable.h */ = {isa = PBXFileReference; fileEncoding = 4; lastKnownFileType = sourcecode.c.h; path = TimeTable.h; sourceTree = "<group>"; };
		B6ED0EC413ADE1F8003C229D /* TimeTable.m */ = {isa = PBXFileReference; fileEncoding = 4; lastKnownFileType = sourcecode.c.objc; path = TimeTable.m; sourceTree = "<group>"; };
/* End PBXFileReference section */

/* Begin PBXFrameworksBuildPhase section */
		1D60588F0D05DD3D006BFB54 /* Frameworks */ = {
			isa = PBXFrameworksBuildPhase;
			buildActionMask = 2147483647;
			files = (
				1D60589F0D05DD5A006BFB54 /* Foundation.framework in Frameworks */,
				1DF5F4E00D08C38300B7A737 /* UIKit.framework in Frameworks */,
				288765A50DF7441C002DB57D /* CoreGraphics.framework in Frameworks */,
			);
			runOnlyForDeploymentPostprocessing = 0;
		};
/* End PBXFrameworksBuildPhase section */

/* Begin PBXGroup section */
		080E96DDFE201D6D7F000001 /* Classes */ = {
			isa = PBXGroup;
			children = (
				43D2F46413B0EA0B006EAA46 /* images */,
				43D2F43413B0E334006EAA46 /* Controllers */,
				1E944D2C13AC640900968E0A /* Data */,
				1D3623240D0F684500981E51 /* iPlanAppDelegate.h */,
				1D3623250D0F684500981E51 /* iPlanAppDelegate.m */,
				28D7ACF60DDB3853001CB0EB /* iPlanViewController.h */,
				28D7ACF70DDB3853001CB0EB /* iPlanViewController.m */,
			);
			path = Classes;
			sourceTree = "<group>";
		};
		19C28FACFE9D520D11CA2CBB /* Products */ = {
			isa = PBXGroup;
			children = (
				1D6058910D05DD3D006BFB54 /* iPlan.app */,
			);
			name = Products;
			sourceTree = "<group>";
		};
		1E944D2C13AC640900968E0A /* Data */ = {
			isa = PBXGroup;
			children = (
				B6ED0D7613AC9E24003C229D /* XMLNodeClasses */,
				1E944D3413AC663F00968E0A /* ConstantFile.h */,
				B6ED0EB913ADE1F8003C229D /* ClassGroup.h */,
				B6ED0EBA13ADE1F8003C229D /* ClassGroup.m */,
				B6ED0EBB13ADE1F8003C229D /* ModelLogic.h */,
				B6ED0EBC13ADE1F8003C229D /* ModelLogic.m */,
				B6ED0EBD13ADE1F8003C229D /* Module.h */,
				B6ED0EBE13ADE1F8003C229D /* Module.m */,
				B6ED0EBF13ADE1F8003C229D /* ModuleClassType.h */,
				B6ED0EC013ADE1F8003C229D /* ModuleClassType.m */,
				B6ED0EC113ADE1F8003C229D /* Slot.h */,
				B6ED0EC213ADE1F8003C229D /* Slot.m */,
				B6ED0EC313ADE1F8003C229D /* TimeTable.h */,
				B6491D5E13AF8B7200782587 /* IPlanUtility.h */,
				B6491D5F13AF8B7200782587 /* IPlanUtility.m */,
				B6ED0EC413ADE1F8003C229D /* TimeTable.m */,
				B6ED0D7013AC8BFB003C229D /* ModuleXMLParser.h */,
				B6ED0D7113AC8BFB003C229D /* ModuleXMLParser.m */,
			);
			name = Data;
			sourceTree = "<group>";
		};
		29B97314FDCFA39411CA2CEA /* CustomTemplate */ = {
			isa = PBXGroup;
			children = (
				080E96DDFE201D6D7F000001 /* Classes */,
				29B97315FDCFA39411CA2CEA /* Other Sources */,
				29B97317FDCFA39411CA2CEA /* Resources */,
				29B97323FDCFA39411CA2CEA /* Frameworks */,
				19C28FACFE9D520D11CA2CBB /* Products */,
			);
			name = CustomTemplate;
			sourceTree = "<group>";
		};
		29B97315FDCFA39411CA2CEA /* Other Sources */ = {
			isa = PBXGroup;
			children = (
				32CA4F630368D1EE00C91783 /* iPlan_Prefix.pch */,
				29B97316FDCFA39411CA2CEA /* main.m */,
			);
			name = "Other Sources";
			sourceTree = "<group>";
		};
		29B97317FDCFA39411CA2CEA /* Resources */ = {
			isa = PBXGroup;
			children = (
				2899E5210DE3E06400AC0155 /* iPlanViewController.xib */,
				28AD733E0D9D9553002E5188 /* MainWindow.xib */,
				8D1107310486CEB800E47090 /* iPlan-Info.plist */,
			);
			name = Resources;
			sourceTree = "<group>";
		};
		29B97323FDCFA39411CA2CEA /* Frameworks */ = {
			isa = PBXGroup;
			children = (
				1DF5F4DF0D08C38300B7A737 /* UIKit.framework */,
				1D30AB110D05D00D00671497 /* Foundation.framework */,
				288765A40DF7441C002DB57D /* CoreGraphics.framework */,
			);
			name = Frameworks;
			sourceTree = "<group>";
		};
		43D2F43413B0E334006EAA46 /* Controllers */ = {
			isa = PBXGroup;
			children = (
				43D2F44D13B0E68D006EAA46 /* ModuleListViewController.h */,
				43D2F44E13B0E68D006EAA46 /* ModuleListViewController.m */,
				43D2F45213B0E6B0006EAA46 /* SettingsViewController.h */,
				43D2F45313B0E6B0006EAA46 /* SettingsViewController.m */,
				43D2F44813B0E65F006EAA46 /* CalendarViewController.h */,
				43D2F44913B0E65F006EAA46 /* CalendarViewController.m */,
			);
			name = Controllers;
			sourceTree = "<group>";
		};
		43D2F46413B0EA0B006EAA46 /* images */ = {
			isa = PBXGroup;
			children = (
			);
			name = images;
			sourceTree = "<group>";
		};
		B6ED0D7613AC9E24003C229D /* XMLNodeClasses */ = {
			isa = PBXGroup;
			children = (
				B6ED0D8013AC9F02003C229D /* XMLFaculty.h */,
				B6ED0D8113AC9F02003C229D /* XMLFaculty.m */,
				B6ED0D8313AC9F10003C229D /* XMLModule.h */,
				B6ED0D8413AC9F10003C229D /* XMLModule.m */,
				B6ED0D8613AC9F24003C229D /* XMLTimeTableSlot.h */,
				B6ED0D8713AC9F24003C229D /* XMLTimeTableSlot.m */,
			);
			name = XMLNodeClasses;
			sourceTree = "<group>";
		};
/* End PBXGroup section */

/* Begin PBXNativeTarget section */
		1D6058900D05DD3D006BFB54 /* iPlan */ = {
			isa = PBXNativeTarget;
			buildConfigurationList = 1D6058960D05DD3E006BFB54 /* Build configuration list for PBXNativeTarget "iPlan" */;
			buildPhases = (
				1D60588D0D05DD3D006BFB54 /* Resources */,
				1D60588E0D05DD3D006BFB54 /* Sources */,
				1D60588F0D05DD3D006BFB54 /* Frameworks */,
			);
			buildRules = (
			);
			dependencies = (
			);
			name = iPlan;
			productName = iPlan;
			productReference = 1D6058910D05DD3D006BFB54 /* iPlan.app */;
			productType = "com.apple.product-type.application";
		};
/* End PBXNativeTarget section */

/* Begin PBXProject section */
		29B97313FDCFA39411CA2CEA /* Project object */ = {
			isa = PBXProject;
			buildConfigurationList = C01FCF4E08A954540054247B /* Build configuration list for PBXProject "iPlan" */;
			compatibilityVersion = "Xcode 3.1";
			developmentRegion = English;
			hasScannedForEncodings = 1;
			knownRegions = (
				English,
				Japanese,
				French,
				German,
			);
			mainGroup = 29B97314FDCFA39411CA2CEA /* CustomTemplate */;
			projectDirPath = "";
			projectRoot = "";
			targets = (
				1D6058900D05DD3D006BFB54 /* iPlan */,
			);
		};
/* End PBXProject section */

/* Begin PBXResourcesBuildPhase section */
		1D60588D0D05DD3D006BFB54 /* Resources */ = {
			isa = PBXResourcesBuildPhase;
			buildActionMask = 2147483647;
			files = (
				28AD733F0D9D9553002E5188 /* MainWindow.xib in Resources */,
				2899E5220DE3E06400AC0155 /* iPlanViewController.xib in Resources */,
			);
			runOnlyForDeploymentPostprocessing = 0;
		};
/* End PBXResourcesBuildPhase section */

/* Begin PBXSourcesBuildPhase section */
		1D60588E0D05DD3D006BFB54 /* Sources */ = {
			isa = PBXSourcesBuildPhase;
			buildActionMask = 2147483647;
			files = (
				1D60589B0D05DD56006BFB54 /* main.m in Sources */,
				1D3623260D0F684500981E51 /* iPlanAppDelegate.m in Sources */,
				28D7ACF80DDB3853001CB0EB /* iPlanViewController.m in Sources */,
				B6ED0D7213AC8BFB003C229D /* ModuleXMLParser.m in Sources */,
				B6ED0D8213AC9F02003C229D /* XMLFaculty.m in Sources */,
				B6ED0D8513AC9F10003C229D /* XMLModule.m in Sources */,
				B6ED0D8813AC9F24003C229D /* XMLTimeTableSlot.m in Sources */,
				B6ED0EC513ADE1F8003C229D /* ClassGroup.m in Sources */,
				B6ED0EC613ADE1F8003C229D /* ModelLogic.m in Sources */,
				B6ED0EC713ADE1F8003C229D /* Module.m in Sources */,
				B6ED0EC813ADE1F8003C229D /* ModuleClassType.m in Sources */,
				B6ED0EC913ADE1F8003C229D /* Slot.m in Sources */,
				B6ED0ECA13ADE1F8003C229D /* TimeTable.m in Sources */,
				B6491D6013AF8B7200782587 /* IPlanUtility.m in Sources */,
				43D2F44A13B0E65F006EAA46 /* CalendarViewController.m in Sources */,
				43D2F44F13B0E68D006EAA46 /* ModuleListViewController.m in Sources */,
				43D2F45413B0E6B0006EAA46 /* SettingsViewController.m in Sources */,
			);
			runOnlyForDeploymentPostprocessing = 0;
		};
/* End PBXSourcesBuildPhase section */

/* Begin XCBuildConfiguration section */
		1D6058940D05DD3E006BFB54 /* Debug */ = {
			isa = XCBuildConfiguration;
			buildSettings = {
				ALWAYS_SEARCH_USER_PATHS = NO;
				COPY_PHASE_STRIP = NO;
				GCC_DYNAMIC_NO_PIC = NO;
				GCC_OPTIMIZATION_LEVEL = 0;
				GCC_PRECOMPILE_PREFIX_HEADER = YES;
				GCC_PREFIX_HEADER = iPlan_Prefix.pch;
				INFOPLIST_FILE = "iPlan-Info.plist";
				PRODUCT_NAME = iPlan;
			};
			name = Debug;
		};
		1D6058950D05DD3E006BFB54 /* Release */ = {
			isa = XCBuildConfiguration;
			buildSettings = {
				ALWAYS_SEARCH_USER_PATHS = NO;
				COPY_PHASE_STRIP = YES;
				GCC_PRECOMPILE_PREFIX_HEADER = YES;
				GCC_PREFIX_HEADER = iPlan_Prefix.pch;
				INFOPLIST_FILE = "iPlan-Info.plist";
				PRODUCT_NAME = iPlan;
				VALIDATE_PRODUCT = YES;
			};
			name = Release;
		};
		C01FCF4F08A954540054247B /* Debug */ = {
			isa = XCBuildConfiguration;
			buildSettings = {
				ARCHS = "$(ARCHS_STANDARD_32_BIT)";
				"CODE_SIGN_IDENTITY[sdk=iphoneos*]" = "iPhone Developer";
				GCC_C_LANGUAGE_STANDARD = c99;
				GCC_WARN_ABOUT_RETURN_TYPE = YES;
				GCC_WARN_UNUSED_VARIABLE = YES;
				PREBINDING = NO;
				SDKROOT = iphoneos;
			};
			name = Debug;
		};
		C01FCF5008A954540054247B /* Release */ = {
			isa = XCBuildConfiguration;
			buildSettings = {
				ARCHS = "$(ARCHS_STANDARD_32_BIT)";
				"CODE_SIGN_IDENTITY[sdk=iphoneos*]" = "iPhone Developer";
				GCC_C_LANGUAGE_STANDARD = c99;
				GCC_WARN_ABOUT_RETURN_TYPE = YES;
				GCC_WARN_UNUSED_VARIABLE = YES;
				OTHER_CFLAGS = "-DNS_BLOCK_ASSERTIONS=1";
				PREBINDING = NO;
				SDKROOT = iphoneos;
			};
			name = Release;
		};
/* End XCBuildConfiguration section */

/* Begin XCConfigurationList section */
		1D6058960D05DD3E006BFB54 /* Build configuration list for PBXNativeTarget "iPlan" */ = {
			isa = XCConfigurationList;
			buildConfigurations = (
				1D6058940D05DD3E006BFB54 /* Debug */,
				1D6058950D05DD3E006BFB54 /* Release */,
			);
			defaultConfigurationIsVisible = 0;
			defaultConfigurationName = Release;
		};
		C01FCF4E08A954540054247B /* Build configuration list for PBXProject "iPlan" */ = {
			isa = XCConfigurationList;
			buildConfigurations = (
				C01FCF4F08A954540054247B /* Debug */,
				C01FCF5008A954540054247B /* Release */,
			);
			defaultConfigurationIsVisible = 0;
			defaultConfigurationName = Release;
		};
/* End XCConfigurationList section */
	};
	rootObject = 29B97313FDCFA39411CA2CEA /* Project object */;
}
