// !$*UTF8*$!
{
	archiveVersion = 1;
	classes = {
	};
	objectVersion = 45;
	objects = {

/* Begin PBXBuildFile section */
		05BE960E13BF4993000DCDDB /* RequirementPlacingViewController.m in Sources */ = {isa = PBXBuildFile; fileRef = 05BE960C13BF4993000DCDDB /* RequirementPlacingViewController.m */; };
		05BE960F13BF4993000DCDDB /* RequirementPlacingViewController.xib in Resources */ = {isa = PBXBuildFile; fileRef = 05BE960D13BF4993000DCDDB /* RequirementPlacingViewController.xib */; };
		05BE962D13BF4DDC000DCDDB /* plus.png in Resources */ = {isa = PBXBuildFile; fileRef = 05BE962C13BF4DDC000DCDDB /* plus.png */; };
		05BF137313C0164000CDDB6C /* checked.png in Resources */ = {isa = PBXBuildFile; fileRef = 05BF137213C0164000CDDB6C /* checked.png */; };
		05BF137513C0164600CDDB6C /* unchecked.png in Resources */ = {isa = PBXBuildFile; fileRef = 05BF137413C0164600CDDB6C /* unchecked.png */; };
		05C05C6813D0A1F70049D5C0 /* OptionViewController.m in Sources */ = {isa = PBXBuildFile; fileRef = 05C05C6613D0A1F70049D5C0 /* OptionViewController.m */; };
		05C05C6913D0A1F70049D5C0 /* OptionViewController.xib in Resources */ = {isa = PBXBuildFile; fileRef = 05C05C6713D0A1F70049D5C0 /* OptionViewController.xib */; };
		05CC47BA13BA23500075B186 /* AppDataObject.m in Sources */ = {isa = PBXBuildFile; fileRef = 05CC47B913BA23500075B186 /* AppDataObject.m */; };
		05CC47BD13BA24760075B186 /* SharedAppDataObject.m in Sources */ = {isa = PBXBuildFile; fileRef = 05CC47BC13BA24760075B186 /* SharedAppDataObject.m */; };
		05E9D5FA13CF28E600B75CDF /* SFHFKeychainUtils.m in Sources */ = {isa = PBXBuildFile; fileRef = 05E9D5F913CF28E600B75CDF /* SFHFKeychainUtils.m */; };
		05E9D5FF13CF294000B75CDF /* Security.framework in Frameworks */ = {isa = PBXBuildFile; fileRef = 05E9D5FE13CF294000B75CDF /* Security.framework */; };
		1D60589B0D05DD56006BFB54 /* main.m in Sources */ = {isa = PBXBuildFile; fileRef = 29B97316FDCFA39411CA2CEA /* main.m */; };
		1D60589F0D05DD5A006BFB54 /* Foundation.framework in Frameworks */ = {isa = PBXBuildFile; fileRef = 1D30AB110D05D00D00671497 /* Foundation.framework */; };
		1DF5F4E00D08C38300B7A737 /* UIKit.framework in Frameworks */ = {isa = PBXBuildFile; fileRef = 1DF5F4DF0D08C38300B7A737 /* UIKit.framework */; };
		1E2DB1B613C6EC6300C3D8CA /* SlotViewController.m in Sources */ = {isa = PBXBuildFile; fileRef = 1E2DB1B213C6EC6300C3D8CA /* SlotViewController.m */; };
		1E2DB1B713C6EC6300C3D8CA /* DisplayViewController.m in Sources */ = {isa = PBXBuildFile; fileRef = 1E2DB1B413C6EC6300C3D8CA /* DisplayViewController.m */; };
		1E2DB48113C749C700C3D8CA /* CalendarViewController.xib in Resources */ = {isa = PBXBuildFile; fileRef = 1E2DB48013C749C700C3D8CA /* CalendarViewController.xib */; };
		1E2DB4A713C74BBB00C3D8CA /* ModuleListViewController.xib in Resources */ = {isa = PBXBuildFile; fileRef = 1E2DB4A613C74BBB00C3D8CA /* ModuleListViewController.xib */; };
		1E2DB94213C84AFC00C3D8CA /* next.png in Resources */ = {isa = PBXBuildFile; fileRef = 1E2DB94113C84AFC00C3D8CA /* next.png */; };
		1E2DB94413C84D9600C3D8CA /* refresh.png in Resources */ = {isa = PBXBuildFile; fileRef = 1E2DB94313C84D9600C3D8CA /* refresh.png */; };
		1E2DDF6B13D1607400C3D8CA /* save.png in Resources */ = {isa = PBXBuildFile; fileRef = 1E2DDF6A13D1607400C3D8CA /* save.png */; };
		1E2DE05113D17C9400C3D8CA /* ListViewController.m in Sources */ = {isa = PBXBuildFile; fileRef = 1E2DE04F13D17C9400C3D8CA /* ListViewController.m */; };
		1E2DE05213D17C9400C3D8CA /* ListViewController.xib in Resources */ = {isa = PBXBuildFile; fileRef = 1E2DE05013D17C9400C3D8CA /* ListViewController.xib */; };
		288765A50DF7441C002DB57D /* CoreGraphics.framework in Frameworks */ = {isa = PBXBuildFile; fileRef = 288765A40DF7441C002DB57D /* CoreGraphics.framework */; };
		2899E5220DE3E06400AC0155 /* iPlanViewController.xib in Resources */ = {isa = PBXBuildFile; fileRef = 2899E5210DE3E06400AC0155 /* iPlanViewController.xib */; };
		28AD733F0D9D9553002E5188 /* MainWindow.xib in Resources */ = {isa = PBXBuildFile; fileRef = 28AD733E0D9D9553002E5188 /* MainWindow.xib */; };
		28D7ACF80DDB3853001CB0EB /* iPlanViewController.m in Sources */ = {isa = PBXBuildFile; fileRef = 28D7ACF70DDB3853001CB0EB /* iPlanViewController.m */; };
		2F18842113B9CA3B006DCC66 /* logo.png in Resources */ = {isa = PBXBuildFile; fileRef = 2F18842013B9CA3B006DCC66 /* logo.png */; };
		2F18843013B9D03F006DCC66 /* SettingsViewController.m in Sources */ = {isa = PBXBuildFile; fileRef = 2F18842E13B9D03F006DCC66 /* SettingsViewController.m */; };
		2F18843113B9D03F006DCC66 /* SettingsViewController.xib in Resources */ = {isa = PBXBuildFile; fileRef = 2F18842F13B9D03F006DCC66 /* SettingsViewController.xib */; };
		2F1884D313B9DA79006DCC66 /* HelpViewController.m in Sources */ = {isa = PBXBuildFile; fileRef = 2F1884D113B9DA79006DCC66 /* HelpViewController.m */; };
		2F1884D413B9DA79006DCC66 /* HelpViewController.xib in Resources */ = {isa = PBXBuildFile; fileRef = 2F1884D213B9DA79006DCC66 /* HelpViewController.xib */; };
		2F468A4C13BA03C40087DC3E /* ModuleListViewController.m in Sources */ = {isa = PBXBuildFile; fileRef = 2F468A4A13BA03C40087DC3E /* ModuleListViewController.m */; };
		2FD7C7F213BB11FB00B00C99 /* ModuleInfoViewController.m in Sources */ = {isa = PBXBuildFile; fileRef = 2FD7C7F013BB11FB00B00C99 /* ModuleInfoViewController.m */; };
		2FD7C7F313BB11FB00B00C99 /* ModuleInfoViewController.xib in Resources */ = {isa = PBXBuildFile; fileRef = 2FD7C7F113BB11FB00B00C99 /* ModuleInfoViewController.xib */; };
		2FD7C8CE13BB2DB000B00C99 /* ModuleInfoCell.m in Sources */ = {isa = PBXBuildFile; fileRef = 2FD7C8CC13BB2DB000B00C99 /* ModuleInfoCell.m */; };
		2FD7C8CF13BB2DB000B00C99 /* ModuleInfoCell.xib in Resources */ = {isa = PBXBuildFile; fileRef = 2FD7C8CD13BB2DB000B00C99 /* ModuleInfoCell.xib */; };
		4308D82F13B5CEF200E1AEF2 /* UIViewWithLine.m in Sources */ = {isa = PBXBuildFile; fileRef = 4308D82E13B5CEF200E1AEF2 /* UIViewWithLine.m */; };
		431B7CE513BDB3190051F3FE /* BasketTableViewController.m in Sources */ = {isa = PBXBuildFile; fileRef = 431B7CE413BDB3190051F3FE /* BasketTableViewController.m */; };
		4371926313B8C3E600AAC77C /* shopping_cart.png in Resources */ = {isa = PBXBuildFile; fileRef = 4371926213B8C3E600AAC77C /* shopping_cart.png */; };
		438BC7D813B4B78E003D1B52 /* calendar.png in Resources */ = {isa = PBXBuildFile; fileRef = 438BC7D113B4B78E003D1B52 /* calendar.png */; };
		438BC7D913B4B78E003D1B52 /* gear.png in Resources */ = {isa = PBXBuildFile; fileRef = 438BC7D213B4B78E003D1B52 /* gear.png */; };
		438BC7DA13B4B78E003D1B52 /* pencil.png in Resources */ = {isa = PBXBuildFile; fileRef = 438BC7D313B4B78E003D1B52 /* pencil.png */; };
		438BC7DB13B4B78E003D1B52 /* runner.png in Resources */ = {isa = PBXBuildFile; fileRef = 438BC7D413B4B78E003D1B52 /* runner.png */; };
		438BC7DC13B4B78E003D1B52 /* selected_tab_item.png in Resources */ = {isa = PBXBuildFile; fileRef = 438BC7D513B4B78E003D1B52 /* selected_tab_item.png */; };
		438BC7DD13B4B78E003D1B52 /* tab bar.png in Resources */ = {isa = PBXBuildFile; fileRef = 438BC7D613B4B78E003D1B52 /* tab bar.png */; };
		43D2F44A13B0E65F006EAA46 /* CalendarViewController.m in Sources */ = {isa = PBXBuildFile; fileRef = 43D2F44913B0E65F006EAA46 /* CalendarViewController.m */; };
		43E627CB13C9FC5D0016A8C2 /* Default.png in Resources */ = {isa = PBXBuildFile; fileRef = 43E627CA13C9FC5D0016A8C2 /* Default.png */; };
		7193087213BD1034001D9F8B /* TimeTable.m in Sources */ = {isa = PBXBuildFile; fileRef = 7193087113BD1034001D9F8B /* TimeTable.m */; };
		7193087413BD1087001D9F8B /* iPlanAppDelegate.m in Sources */ = {isa = PBXBuildFile; fileRef = 7193087313BD1087001D9F8B /* iPlanAppDelegate.m */; };
		71FC06AE13D2201D00DC1F3D /* timetable with days.png in Resources */ = {isa = PBXBuildFile; fileRef = 71FC06AD13D2201D00DC1F3D /* timetable with days.png */; };
		B6491D6013AF8B7200782587 /* IPlanUtility.m in Sources */ = {isa = PBXBuildFile; fileRef = B6491D5F13AF8B7200782587 /* IPlanUtility.m */; };
		B6CAE01413D181B700659C06 /* LAPIStudentTimeTableToiCalExporter.m in Sources */ = {isa = PBXBuildFile; fileRef = B6CAE01313D181B700659C06 /* LAPIStudentTimeTableToiCalExporter.m */; };
		B6ED0D7213AC8BFB003C229D /* ModuleXMLParser.m in Sources */ = {isa = PBXBuildFile; fileRef = B6ED0D7113AC8BFB003C229D /* ModuleXMLParser.m */; };
		B6ED0D8213AC9F02003C229D /* XMLFaculty.m in Sources */ = {isa = PBXBuildFile; fileRef = B6ED0D8113AC9F02003C229D /* XMLFaculty.m */; };
		B6ED0D8513AC9F10003C229D /* XMLModule.m in Sources */ = {isa = PBXBuildFile; fileRef = B6ED0D8413AC9F10003C229D /* XMLModule.m */; };
		B6ED0D8813AC9F24003C229D /* XMLTimeTableSlot.m in Sources */ = {isa = PBXBuildFile; fileRef = B6ED0D8713AC9F24003C229D /* XMLTimeTableSlot.m */; };
		B6ED0EC513ADE1F8003C229D /* ClassGroup.m in Sources */ = {isa = PBXBuildFile; fileRef = B6ED0EBA13ADE1F8003C229D /* ClassGroup.m */; };
		B6ED0EC613ADE1F8003C229D /* ModelLogic.m in Sources */ = {isa = PBXBuildFile; fileRef = B6ED0EBC13ADE1F8003C229D /* ModelLogic.m */; };
		B6ED0EC713ADE1F8003C229D /* Module.m in Sources */ = {isa = PBXBuildFile; fileRef = B6ED0EBE13ADE1F8003C229D /* Module.m */; };
		B6ED0EC813ADE1F8003C229D /* ModuleClassType.m in Sources */ = {isa = PBXBuildFile; fileRef = B6ED0EC013ADE1F8003C229D /* ModuleClassType.m */; };
		B6ED0EC913ADE1F8003C229D /* Slot.m in Sources */ = {isa = PBXBuildFile; fileRef = B6ED0EC213ADE1F8003C229D /* Slot.m */; };
		B6F6AD3013C9B5C800E13203 /* EventKit.framework in Frameworks */ = {isa = PBXBuildFile; fileRef = B6F6AD2F13C9B5C800E13203 /* EventKit.framework */; };
		B6FE12F913B0E67900570671 /* cors.xml in Resources */ = {isa = PBXBuildFile; fileRef = B6FE12F813B0E67900570671 /* cors.xml */; };
/* End PBXBuildFile section */

/* Begin PBXFileReference section */
		05BE960B13BF4993000DCDDB /* RequirementPlacingViewController.h */ = {isa = PBXFileReference; fileEncoding = 4; lastKnownFileType = sourcecode.c.h; path = RequirementPlacingViewController.h; sourceTree = "<group>"; };
		05BE960C13BF4993000DCDDB /* RequirementPlacingViewController.m */ = {isa = PBXFileReference; fileEncoding = 4; lastKnownFileType = sourcecode.c.objc; path = RequirementPlacingViewController.m; sourceTree = "<group>"; };
		05BE960D13BF4993000DCDDB /* RequirementPlacingViewController.xib */ = {isa = PBXFileReference; lastKnownFileType = file.xib; name = RequirementPlacingViewController.xib; path = Classes/RequirementPlacingViewController.xib; sourceTree = "<group>"; };
		05BE962C13BF4DDC000DCDDB /* plus.png */ = {isa = PBXFileReference; lastKnownFileType = image.png; path = plus.png; sourceTree = "<group>"; };
		05BF137213C0164000CDDB6C /* checked.png */ = {isa = PBXFileReference; lastKnownFileType = image.png; path = checked.png; sourceTree = "<group>"; };
		05BF137413C0164600CDDB6C /* unchecked.png */ = {isa = PBXFileReference; lastKnownFileType = image.png; path = unchecked.png; sourceTree = "<group>"; };
		05C05C6513D0A1F70049D5C0 /* OptionViewController.h */ = {isa = PBXFileReference; fileEncoding = 4; lastKnownFileType = sourcecode.c.h; path = OptionViewController.h; sourceTree = "<group>"; };
		05C05C6613D0A1F70049D5C0 /* OptionViewController.m */ = {isa = PBXFileReference; fileEncoding = 4; lastKnownFileType = sourcecode.c.objc; path = OptionViewController.m; sourceTree = "<group>"; };
		05C05C6713D0A1F70049D5C0 /* OptionViewController.xib */ = {isa = PBXFileReference; lastKnownFileType = file.xib; name = OptionViewController.xib; path = Classes/OptionViewController.xib; sourceTree = "<group>"; };
		05CC47B713BA231D0075B186 /* AppDelegateProtocol.h */ = {isa = PBXFileReference; fileEncoding = 4; lastKnownFileType = sourcecode.c.h; path = AppDelegateProtocol.h; sourceTree = "<group>"; };
		05CC47B813BA23500075B186 /* AppDataObject.h */ = {isa = PBXFileReference; fileEncoding = 4; lastKnownFileType = sourcecode.c.h; path = AppDataObject.h; sourceTree = "<group>"; };
		05CC47B913BA23500075B186 /* AppDataObject.m */ = {isa = PBXFileReference; fileEncoding = 4; lastKnownFileType = sourcecode.c.objc; path = AppDataObject.m; sourceTree = "<group>"; };
		05CC47BB13BA24760075B186 /* SharedAppDataObject.h */ = {isa = PBXFileReference; fileEncoding = 4; lastKnownFileType = sourcecode.c.h; path = SharedAppDataObject.h; sourceTree = "<group>"; };
		05CC47BC13BA24760075B186 /* SharedAppDataObject.m */ = {isa = PBXFileReference; fileEncoding = 4; lastKnownFileType = sourcecode.c.objc; path = SharedAppDataObject.m; sourceTree = "<group>"; };
		05E9D5F813CF28E600B75CDF /* SFHFKeychainUtils.h */ = {isa = PBXFileReference; fileEncoding = 4; lastKnownFileType = sourcecode.c.h; path = SFHFKeychainUtils.h; sourceTree = "<group>"; };
		05E9D5F913CF28E600B75CDF /* SFHFKeychainUtils.m */ = {isa = PBXFileReference; fileEncoding = 4; lastKnownFileType = sourcecode.c.objc; path = SFHFKeychainUtils.m; sourceTree = "<group>"; };
		05E9D5FE13CF294000B75CDF /* Security.framework */ = {isa = PBXFileReference; lastKnownFileType = wrapper.framework; name = Security.framework; path = System/Library/Frameworks/Security.framework; sourceTree = SDKROOT; };
		1D30AB110D05D00D00671497 /* Foundation.framework */ = {isa = PBXFileReference; lastKnownFileType = wrapper.framework; name = Foundation.framework; path = System/Library/Frameworks/Foundation.framework; sourceTree = SDKROOT; };
		1D3623240D0F684500981E51 /* iPlanAppDelegate.h */ = {isa = PBXFileReference; fileEncoding = 4; lastKnownFileType = sourcecode.c.h; path = iPlanAppDelegate.h; sourceTree = "<group>"; };
		1D6058910D05DD3D006BFB54 /* iPlan.app */ = {isa = PBXFileReference; explicitFileType = wrapper.application; includeInIndex = 0; path = iPlan.app; sourceTree = BUILT_PRODUCTS_DIR; };
		1DF5F4DF0D08C38300B7A737 /* UIKit.framework */ = {isa = PBXFileReference; lastKnownFileType = wrapper.framework; name = UIKit.framework; path = System/Library/Frameworks/UIKit.framework; sourceTree = SDKROOT; };
		1E26105713B5AF79006CDD7B /* TimeTable.h */ = {isa = PBXFileReference; fileEncoding = 4; lastKnownFileType = sourcecode.c.h; path = TimeTable.h; sourceTree = "<group>"; };
		1E2DB1B113C6EC6300C3D8CA /* ControllerConstant.h */ = {isa = PBXFileReference; fileEncoding = 4; lastKnownFileType = sourcecode.c.h; path = ControllerConstant.h; sourceTree = "<group>"; };
		1E2DB1B213C6EC6300C3D8CA /* SlotViewController.m */ = {isa = PBXFileReference; fileEncoding = 4; lastKnownFileType = sourcecode.c.objc; path = SlotViewController.m; sourceTree = "<group>"; };
		1E2DB1B313C6EC6300C3D8CA /* SlotViewController.h */ = {isa = PBXFileReference; fileEncoding = 4; lastKnownFileType = sourcecode.c.h; path = SlotViewController.h; sourceTree = "<group>"; };
		1E2DB1B413C6EC6300C3D8CA /* DisplayViewController.m */ = {isa = PBXFileReference; fileEncoding = 4; lastKnownFileType = sourcecode.c.objc; path = DisplayViewController.m; sourceTree = "<group>"; };
		1E2DB1B513C6EC6300C3D8CA /* DisplayViewController.h */ = {isa = PBXFileReference; fileEncoding = 4; lastKnownFileType = sourcecode.c.h; path = DisplayViewController.h; sourceTree = "<group>"; };
		1E2DB48013C749C700C3D8CA /* CalendarViewController.xib */ = {isa = PBXFileReference; lastKnownFileType = file.xib; name = CalendarViewController.xib; path = Classes/CalendarViewController.xib; sourceTree = "<group>"; };
		1E2DB4A613C74BBB00C3D8CA /* ModuleListViewController.xib */ = {isa = PBXFileReference; lastKnownFileType = file.xib; name = ModuleListViewController.xib; path = Classes/ModuleListViewController.xib; sourceTree = "<group>"; };
		1E2DB94113C84AFC00C3D8CA /* next.png */ = {isa = PBXFileReference; lastKnownFileType = image.png; path = next.png; sourceTree = "<group>"; };
		1E2DB94313C84D9600C3D8CA /* refresh.png */ = {isa = PBXFileReference; lastKnownFileType = image.png; path = refresh.png; sourceTree = "<group>"; };
		1E2DDF6A13D1607400C3D8CA /* save.png */ = {isa = PBXFileReference; lastKnownFileType = image.png; path = save.png; sourceTree = "<group>"; };
		1E2DE04E13D17C9400C3D8CA /* ListViewController.h */ = {isa = PBXFileReference; fileEncoding = 4; lastKnownFileType = sourcecode.c.h; path = ListViewController.h; sourceTree = "<group>"; };
		1E2DE04F13D17C9400C3D8CA /* ListViewController.m */ = {isa = PBXFileReference; fileEncoding = 4; lastKnownFileType = sourcecode.c.objc; path = ListViewController.m; sourceTree = "<group>"; };
		1E2DE05013D17C9400C3D8CA /* ListViewController.xib */ = {isa = PBXFileReference; lastKnownFileType = file.xib; name = ListViewController.xib; path = Classes/ListViewController.xib; sourceTree = "<group>"; };
		1E944D3413AC663F00968E0A /* ConstantFile.h */ = {isa = PBXFileReference; fileEncoding = 4; lastKnownFileType = sourcecode.c.h; path = ConstantFile.h; sourceTree = "<group>"; };
		288765A40DF7441C002DB57D /* CoreGraphics.framework */ = {isa = PBXFileReference; lastKnownFileType = wrapper.framework; name = CoreGraphics.framework; path = System/Library/Frameworks/CoreGraphics.framework; sourceTree = SDKROOT; };
		2899E5210DE3E06400AC0155 /* iPlanViewController.xib */ = {isa = PBXFileReference; lastKnownFileType = file.xib; path = iPlanViewController.xib; sourceTree = "<group>"; };
		28AD733E0D9D9553002E5188 /* MainWindow.xib */ = {isa = PBXFileReference; lastKnownFileType = file.xib; path = MainWindow.xib; sourceTree = "<group>"; };
		28D7ACF60DDB3853001CB0EB /* iPlanViewController.h */ = {isa = PBXFileReference; fileEncoding = 4; lastKnownFileType = sourcecode.c.h; path = iPlanViewController.h; sourceTree = "<group>"; };
		28D7ACF70DDB3853001CB0EB /* iPlanViewController.m */ = {isa = PBXFileReference; fileEncoding = 4; lastKnownFileType = sourcecode.c.objc; path = iPlanViewController.m; sourceTree = "<group>"; };
		29B97316FDCFA39411CA2CEA /* main.m */ = {isa = PBXFileReference; fileEncoding = 4; lastKnownFileType = sourcecode.c.objc; path = main.m; sourceTree = "<group>"; };
		2F18842013B9CA3B006DCC66 /* logo.png */ = {isa = PBXFileReference; lastKnownFileType = image.png; path = logo.png; sourceTree = "<group>"; };
		2F18842D13B9D03F006DCC66 /* SettingsViewController.h */ = {isa = PBXFileReference; fileEncoding = 4; lastKnownFileType = sourcecode.c.h; path = SettingsViewController.h; sourceTree = "<group>"; };
		2F18842E13B9D03F006DCC66 /* SettingsViewController.m */ = {isa = PBXFileReference; fileEncoding = 4; lastKnownFileType = sourcecode.c.objc; path = SettingsViewController.m; sourceTree = "<group>"; };
		2F18842F13B9D03F006DCC66 /* SettingsViewController.xib */ = {isa = PBXFileReference; lastKnownFileType = file.xib; name = SettingsViewController.xib; path = Classes/SettingsViewController.xib; sourceTree = "<group>"; };
		2F1884D013B9DA79006DCC66 /* HelpViewController.h */ = {isa = PBXFileReference; fileEncoding = 4; lastKnownFileType = sourcecode.c.h; path = HelpViewController.h; sourceTree = "<group>"; };
		2F1884D113B9DA79006DCC66 /* HelpViewController.m */ = {isa = PBXFileReference; fileEncoding = 4; lastKnownFileType = sourcecode.c.objc; path = HelpViewController.m; sourceTree = "<group>"; };
		2F1884D213B9DA79006DCC66 /* HelpViewController.xib */ = {isa = PBXFileReference; lastKnownFileType = file.xib; name = HelpViewController.xib; path = Classes/HelpViewController.xib; sourceTree = "<group>"; };
		2F468A4913BA03C40087DC3E /* ModuleListViewController.h */ = {isa = PBXFileReference; fileEncoding = 4; lastKnownFileType = sourcecode.c.h; path = ModuleListViewController.h; sourceTree = "<group>"; };
		2F468A4A13BA03C40087DC3E /* ModuleListViewController.m */ = {isa = PBXFileReference; fileEncoding = 4; lastKnownFileType = sourcecode.c.objc; path = ModuleListViewController.m; sourceTree = "<group>"; };
		2FD7C7EF13BB11FB00B00C99 /* ModuleInfoViewController.h */ = {isa = PBXFileReference; fileEncoding = 4; lastKnownFileType = sourcecode.c.h; path = ModuleInfoViewController.h; sourceTree = "<group>"; };
		2FD7C7F013BB11FB00B00C99 /* ModuleInfoViewController.m */ = {isa = PBXFileReference; fileEncoding = 4; lastKnownFileType = sourcecode.c.objc; path = ModuleInfoViewController.m; sourceTree = "<group>"; };
		2FD7C7F113BB11FB00B00C99 /* ModuleInfoViewController.xib */ = {isa = PBXFileReference; lastKnownFileType = file.xib; name = ModuleInfoViewController.xib; path = Classes/ModuleInfoViewController.xib; sourceTree = "<group>"; };
		2FD7C8CB13BB2DB000B00C99 /* ModuleInfoCell.h */ = {isa = PBXFileReference; fileEncoding = 4; lastKnownFileType = sourcecode.c.h; path = ModuleInfoCell.h; sourceTree = "<group>"; };
		2FD7C8CC13BB2DB000B00C99 /* ModuleInfoCell.m */ = {isa = PBXFileReference; fileEncoding = 4; lastKnownFileType = sourcecode.c.objc; path = ModuleInfoCell.m; sourceTree = "<group>"; };
		2FD7C8CD13BB2DB000B00C99 /* ModuleInfoCell.xib */ = {isa = PBXFileReference; lastKnownFileType = file.xib; name = ModuleInfoCell.xib; path = Classes/ModuleInfoCell.xib; sourceTree = "<group>"; };
		32CA4F630368D1EE00C91783 /* iPlan_Prefix.pch */ = {isa = PBXFileReference; fileEncoding = 4; lastKnownFileType = sourcecode.c.h; path = iPlan_Prefix.pch; sourceTree = "<group>"; };
		4308D82D13B5CEF200E1AEF2 /* UIViewWithLine.h */ = {isa = PBXFileReference; fileEncoding = 4; lastKnownFileType = sourcecode.c.h; path = UIViewWithLine.h; sourceTree = "<group>"; };
		4308D82E13B5CEF200E1AEF2 /* UIViewWithLine.m */ = {isa = PBXFileReference; fileEncoding = 4; lastKnownFileType = sourcecode.c.objc; path = UIViewWithLine.m; sourceTree = "<group>"; };
		431B7CE313BDB3190051F3FE /* BasketTableViewController.h */ = {isa = PBXFileReference; fileEncoding = 4; lastKnownFileType = sourcecode.c.h; path = BasketTableViewController.h; sourceTree = "<group>"; };
		431B7CE413BDB3190051F3FE /* BasketTableViewController.m */ = {isa = PBXFileReference; fileEncoding = 4; lastKnownFileType = sourcecode.c.objc; path = BasketTableViewController.m; sourceTree = "<group>"; };
		4371926213B8C3E600AAC77C /* shopping_cart.png */ = {isa = PBXFileReference; lastKnownFileType = image.png; path = shopping_cart.png; sourceTree = "<group>"; };
		438BC7D113B4B78E003D1B52 /* calendar.png */ = {isa = PBXFileReference; lastKnownFileType = image.png; name = calendar.png; path = images/calendar.png; sourceTree = SOURCE_ROOT; };
		438BC7D213B4B78E003D1B52 /* gear.png */ = {isa = PBXFileReference; lastKnownFileType = image.png; name = gear.png; path = images/gear.png; sourceTree = SOURCE_ROOT; };
		438BC7D313B4B78E003D1B52 /* pencil.png */ = {isa = PBXFileReference; lastKnownFileType = image.png; name = pencil.png; path = images/pencil.png; sourceTree = SOURCE_ROOT; };
		438BC7D413B4B78E003D1B52 /* runner.png */ = {isa = PBXFileReference; lastKnownFileType = image.png; name = runner.png; path = images/runner.png; sourceTree = SOURCE_ROOT; };
		438BC7D513B4B78E003D1B52 /* selected_tab_item.png */ = {isa = PBXFileReference; lastKnownFileType = image.png; name = selected_tab_item.png; path = images/selected_tab_item.png; sourceTree = SOURCE_ROOT; };
		438BC7D613B4B78E003D1B52 /* tab bar.png */ = {isa = PBXFileReference; lastKnownFileType = image.png; name = "tab bar.png"; path = "images/tab bar.png"; sourceTree = SOURCE_ROOT; };
		43D2F44813B0E65F006EAA46 /* CalendarViewController.h */ = {isa = PBXFileReference; fileEncoding = 4; lastKnownFileType = sourcecode.c.h; path = CalendarViewController.h; sourceTree = "<group>"; };
		43D2F44913B0E65F006EAA46 /* CalendarViewController.m */ = {isa = PBXFileReference; fileEncoding = 4; lastKnownFileType = sourcecode.c.objc; path = CalendarViewController.m; sourceTree = "<group>"; };
		43E627CA13C9FC5D0016A8C2 /* Default.png */ = {isa = PBXFileReference; lastKnownFileType = image.png; path = Default.png; sourceTree = "<group>"; };
		7193087113BD1034001D9F8B /* TimeTable.m */ = {isa = PBXFileReference; fileEncoding = 4; lastKnownFileType = sourcecode.c.objc; path = TimeTable.m; sourceTree = "<group>"; };
		7193087313BD1087001D9F8B /* iPlanAppDelegate.m */ = {isa = PBXFileReference; fileEncoding = 4; lastKnownFileType = sourcecode.c.objc; path = iPlanAppDelegate.m; sourceTree = "<group>"; };
		71FC06AD13D2201D00DC1F3D /* timetable with days.png */ = {isa = PBXFileReference; lastKnownFileType = image.png; path = "timetable with days.png"; sourceTree = "<group>"; };
		8D1107310486CEB800E47090 /* iPlan-Info.plist */ = {isa = PBXFileReference; fileEncoding = 4; lastKnownFileType = text.plist.xml; path = "iPlan-Info.plist"; plistStructureDefinitionIdentifier = "com.apple.xcode.plist.structure-definition.iphone.info-plist"; sourceTree = "<group>"; };
		B6491D5E13AF8B7200782587 /* IPlanUtility.h */ = {isa = PBXFileReference; fileEncoding = 4; lastKnownFileType = sourcecode.c.h; path = IPlanUtility.h; sourceTree = "<group>"; };
		B6491D5F13AF8B7200782587 /* IPlanUtility.m */ = {isa = PBXFileReference; fileEncoding = 4; lastKnownFileType = sourcecode.c.objc; path = IPlanUtility.m; sourceTree = "<group>"; };
		B6CAE01213D181B700659C06 /* LAPIStudentTimeTableToiCalExporter.h */ = {isa = PBXFileReference; fileEncoding = 4; lastKnownFileType = sourcecode.c.h; path = LAPIStudentTimeTableToiCalExporter.h; sourceTree = "<group>"; };
		B6CAE01313D181B700659C06 /* LAPIStudentTimeTableToiCalExporter.m */ = {isa = PBXFileReference; fileEncoding = 4; lastKnownFileType = sourcecode.c.objc; path = LAPIStudentTimeTableToiCalExporter.m; sourceTree = "<group>"; };
		B6ED0D7013AC8BFB003C229D /* ModuleXMLParser.h */ = {isa = PBXFileReference; fileEncoding = 4; lastKnownFileType = sourcecode.c.h; path = ModuleXMLParser.h; sourceTree = "<group>"; };
		B6ED0D7113AC8BFB003C229D /* ModuleXMLParser.m */ = {isa = PBXFileReference; fileEncoding = 4; lastKnownFileType = sourcecode.c.objc; path = ModuleXMLParser.m; sourceTree = "<group>"; };
		B6ED0D8013AC9F02003C229D /* XMLFaculty.h */ = {isa = PBXFileReference; fileEncoding = 4; lastKnownFileType = sourcecode.c.h; path = XMLFaculty.h; sourceTree = "<group>"; };
		B6ED0D8113AC9F02003C229D /* XMLFaculty.m */ = {isa = PBXFileReference; fileEncoding = 4; lastKnownFileType = sourcecode.c.objc; path = XMLFaculty.m; sourceTree = "<group>"; };
		B6ED0D8313AC9F10003C229D /* XMLModule.h */ = {isa = PBXFileReference; fileEncoding = 4; lastKnownFileType = sourcecode.c.h; path = XMLModule.h; sourceTree = "<group>"; };
		B6ED0D8413AC9F10003C229D /* XMLModule.m */ = {isa = PBXFileReference; fileEncoding = 4; lastKnownFileType = sourcecode.c.objc; path = XMLModule.m; sourceTree = "<group>"; };
		B6ED0D8613AC9F24003C229D /* XMLTimeTableSlot.h */ = {isa = PBXFileReference; fileEncoding = 4; lastKnownFileType = sourcecode.c.h; path = XMLTimeTableSlot.h; sourceTree = "<group>"; };
		B6ED0D8713AC9F24003C229D /* XMLTimeTableSlot.m */ = {isa = PBXFileReference; fileEncoding = 4; lastKnownFileType = sourcecode.c.objc; path = XMLTimeTableSlot.m; sourceTree = "<group>"; };
		B6ED0EB913ADE1F8003C229D /* ClassGroup.h */ = {isa = PBXFileReference; fileEncoding = 4; lastKnownFileType = sourcecode.c.h; path = ClassGroup.h; sourceTree = "<group>"; };
		B6ED0EBA13ADE1F8003C229D /* ClassGroup.m */ = {isa = PBXFileReference; fileEncoding = 4; lastKnownFileType = sourcecode.c.objc; path = ClassGroup.m; sourceTree = "<group>"; };
		B6ED0EBB13ADE1F8003C229D /* ModelLogic.h */ = {isa = PBXFileReference; fileEncoding = 4; lastKnownFileType = sourcecode.c.h; path = ModelLogic.h; sourceTree = "<group>"; };
		B6ED0EBC13ADE1F8003C229D /* ModelLogic.m */ = {isa = PBXFileReference; fileEncoding = 4; lastKnownFileType = sourcecode.c.objc; path = ModelLogic.m; sourceTree = "<group>"; };
		B6ED0EBD13ADE1F8003C229D /* Module.h */ = {isa = PBXFileReference; fileEncoding = 4; lastKnownFileType = sourcecode.c.h; path = Module.h; sourceTree = "<group>"; };
		B6ED0EBE13ADE1F8003C229D /* Module.m */ = {isa = PBXFileReference; fileEncoding = 4; lastKnownFileType = sourcecode.c.objc; path = Module.m; sourceTree = "<group>"; };
		B6ED0EBF13ADE1F8003C229D /* ModuleClassType.h */ = {isa = PBXFileReference; fileEncoding = 4; lastKnownFileType = sourcecode.c.h; path = ModuleClassType.h; sourceTree = "<group>"; };
		B6ED0EC013ADE1F8003C229D /* ModuleClassType.m */ = {isa = PBXFileReference; fileEncoding = 4; lastKnownFileType = sourcecode.c.objc; path = ModuleClassType.m; sourceTree = "<group>"; };
		B6ED0EC113ADE1F8003C229D /* Slot.h */ = {isa = PBXFileReference; fileEncoding = 4; lastKnownFileType = sourcecode.c.h; path = Slot.h; sourceTree = "<group>"; };
		B6ED0EC213ADE1F8003C229D /* Slot.m */ = {isa = PBXFileReference; fileEncoding = 4; lastKnownFileType = sourcecode.c.objc; path = Slot.m; sourceTree = "<group>"; };
		B6F6AD2F13C9B5C800E13203 /* EventKit.framework */ = {isa = PBXFileReference; lastKnownFileType = wrapper.framework; name = EventKit.framework; path = System/Library/Frameworks/EventKit.framework; sourceTree = SDKROOT; };
		B6FE12F813B0E67900570671 /* cors.xml */ = {isa = PBXFileReference; fileEncoding = 4; lastKnownFileType = text.xml; path = cors.xml; sourceTree = "<group>"; };
/* End PBXFileReference section */

/* Begin PBXFrameworksBuildPhase section */
		1D60588F0D05DD3D006BFB54 /* Frameworks */ = {
			isa = PBXFrameworksBuildPhase;
			buildActionMask = 2147483647;
			files = (
				1D60589F0D05DD5A006BFB54 /* Foundation.framework in Frameworks */,
				1DF5F4E00D08C38300B7A737 /* UIKit.framework in Frameworks */,
				288765A50DF7441C002DB57D /* CoreGraphics.framework in Frameworks */,
				B6F6AD3013C9B5C800E13203 /* EventKit.framework in Frameworks */,
				05E9D5FF13CF294000B75CDF /* Security.framework in Frameworks */,
			);
			runOnlyForDeploymentPostprocessing = 0;
		};
/* End PBXFrameworksBuildPhase section */

/* Begin PBXGroup section */
		080E96DDFE201D6D7F000001 /* Classes */ = {
			isa = PBXGroup;
			children = (
				4308D82C13B5CED700E1AEF2 /* helpers */,
				43D2F46413B0EA0B006EAA46 /* images */,
				43D2F43413B0E334006EAA46 /* Controllers */,
				1E944D2C13AC640900968E0A /* Data */,
				1D3623240D0F684500981E51 /* iPlanAppDelegate.h */,
				7193087313BD1087001D9F8B /* iPlanAppDelegate.m */,
				28D7ACF60DDB3853001CB0EB /* iPlanViewController.h */,
				28D7ACF70DDB3853001CB0EB /* iPlanViewController.m */,
			);
			path = Classes;
			sourceTree = "<group>";
		};
		19C28FACFE9D520D11CA2CBB /* Products */ = {
			isa = PBXGroup;
			children = (
				1D6058910D05DD3D006BFB54 /* iPlan.app */,
			);
			name = Products;
			sourceTree = "<group>";
		};
		1E944D2C13AC640900968E0A /* Data */ = {
			isa = PBXGroup;
			children = (
				B6ED0D7613AC9E24003C229D /* XMLNodeClasses */,
				1E944D3413AC663F00968E0A /* ConstantFile.h */,
				1E26105713B5AF79006CDD7B /* TimeTable.h */,
				7193087113BD1034001D9F8B /* TimeTable.m */,
				B6ED0EB913ADE1F8003C229D /* ClassGroup.h */,
				B6ED0EBA13ADE1F8003C229D /* ClassGroup.m */,
				B6ED0EBB13ADE1F8003C229D /* ModelLogic.h */,
				B6ED0EBC13ADE1F8003C229D /* ModelLogic.m */,
				B6ED0EBD13ADE1F8003C229D /* Module.h */,
				B6ED0EBE13ADE1F8003C229D /* Module.m */,
				B6ED0EBF13ADE1F8003C229D /* ModuleClassType.h */,
				B6ED0EC013ADE1F8003C229D /* ModuleClassType.m */,
				B6ED0EC113ADE1F8003C229D /* Slot.h */,
				B6ED0EC213ADE1F8003C229D /* Slot.m */,
				B6491D5E13AF8B7200782587 /* IPlanUtility.h */,
				B6491D5F13AF8B7200782587 /* IPlanUtility.m */,
				B6ED0D7013AC8BFB003C229D /* ModuleXMLParser.h */,
				B6ED0D7113AC8BFB003C229D /* ModuleXMLParser.m */,
				B6CAE01213D181B700659C06 /* LAPIStudentTimeTableToiCalExporter.h */,
				B6CAE01313D181B700659C06 /* LAPIStudentTimeTableToiCalExporter.m */,
			);
			name = Data;
			sourceTree = "<group>";
		};
		29B97314FDCFA39411CA2CEA /* CustomTemplate */ = {
			isa = PBXGroup;
			children = (
				080E96DDFE201D6D7F000001 /* Classes */,
				29B97315FDCFA39411CA2CEA /* Other Sources */,
				29B97317FDCFA39411CA2CEA /* Resources */,
				29B97323FDCFA39411CA2CEA /* Frameworks */,
				19C28FACFE9D520D11CA2CBB /* Products */,
			);
			name = CustomTemplate;
			sourceTree = "<group>";
		};
		29B97315FDCFA39411CA2CEA /* Other Sources */ = {
			isa = PBXGroup;
			children = (
				32CA4F630368D1EE00C91783 /* iPlan_Prefix.pch */,
				29B97316FDCFA39411CA2CEA /* main.m */,
			);
			name = "Other Sources";
			sourceTree = "<group>";
		};
		29B97317FDCFA39411CA2CEA /* Resources */ = {
			isa = PBXGroup;
			children = (
				43E627CA13C9FC5D0016A8C2 /* Default.png */,
				1E2DE05013D17C9400C3D8CA /* ListViewController.xib */,
				1E2DB4A613C74BBB00C3D8CA /* ModuleListViewController.xib */,
				2F1884D213B9DA79006DCC66 /* HelpViewController.xib */,
				05C05C6713D0A1F70049D5C0 /* OptionViewController.xib */,
				1E2DB48013C749C700C3D8CA /* CalendarViewController.xib */,
				2F18842F13B9D03F006DCC66 /* SettingsViewController.xib */,
				2FD7C7F113BB11FB00B00C99 /* ModuleInfoViewController.xib */,
				2FD7C8CD13BB2DB000B00C99 /* ModuleInfoCell.xib */,
				05BE960D13BF4993000DCDDB /* RequirementPlacingViewController.xib */,
				B6FE12F813B0E67900570671 /* cors.xml */,
				2899E5210DE3E06400AC0155 /* iPlanViewController.xib */,
				28AD733E0D9D9553002E5188 /* MainWindow.xib */,
				8D1107310486CEB800E47090 /* iPlan-Info.plist */,
			);
			name = Resources;
			sourceTree = "<group>";
		};
		29B97323FDCFA39411CA2CEA /* Frameworks */ = {
			isa = PBXGroup;
			children = (
				1DF5F4DF0D08C38300B7A737 /* UIKit.framework */,
				1D30AB110D05D00D00671497 /* Foundation.framework */,
				288765A40DF7441C002DB57D /* CoreGraphics.framework */,
				B6F6AD2F13C9B5C800E13203 /* EventKit.framework */,
				05E9D5FE13CF294000B75CDF /* Security.framework */,
			);
			name = Frameworks;
			sourceTree = "<group>";
		};
		4308D82C13B5CED700E1AEF2 /* helpers */ = {
			isa = PBXGroup;
			children = (
				05E9D5F813CF28E600B75CDF /* SFHFKeychainUtils.h */,
				05E9D5F913CF28E600B75CDF /* SFHFKeychainUtils.m */,
				4308D82D13B5CEF200E1AEF2 /* UIViewWithLine.h */,
				4308D82E13B5CEF200E1AEF2 /* UIViewWithLine.m */,
				05CC47B713BA231D0075B186 /* AppDelegateProtocol.h */,
				05CC47B813BA23500075B186 /* AppDataObject.h */,
				05CC47B913BA23500075B186 /* AppDataObject.m */,
				05CC47BB13BA24760075B186 /* SharedAppDataObject.h */,
				05CC47BC13BA24760075B186 /* SharedAppDataObject.m */,
			);
			name = helpers;
			sourceTree = "<group>";
		};
		43D2F43413B0E334006EAA46 /* Controllers */ = {
			isa = PBXGroup;
			children = (
				1E2DB1B113C6EC6300C3D8CA /* ControllerConstant.h */,
				1E2DB1B213C6EC6300C3D8CA /* SlotViewController.m */,
				1E2DB1B313C6EC6300C3D8CA /* SlotViewController.h */,
				1E2DB1B413C6EC6300C3D8CA /* DisplayViewController.m */,
				1E2DB1B513C6EC6300C3D8CA /* DisplayViewController.h */,
				2F1884D013B9DA79006DCC66 /* HelpViewController.h */,
				2F1884D113B9DA79006DCC66 /* HelpViewController.m */,
				05C05C6513D0A1F70049D5C0 /* OptionViewController.h */,
				05C05C6613D0A1F70049D5C0 /* OptionViewController.m */,
				2F18842D13B9D03F006DCC66 /* SettingsViewController.h */,
				2F18842E13B9D03F006DCC66 /* SettingsViewController.m */,
				43D2F44813B0E65F006EAA46 /* CalendarViewController.h */,
				43D2F44913B0E65F006EAA46 /* CalendarViewController.m */,
				2FD7C7EF13BB11FB00B00C99 /* ModuleInfoViewController.h */,
				2FD7C7F013BB11FB00B00C99 /* ModuleInfoViewController.m */,
				2FD7C8CB13BB2DB000B00C99 /* ModuleInfoCell.h */,
				2FD7C8CC13BB2DB000B00C99 /* ModuleInfoCell.m */,
				2F468A4913BA03C40087DC3E /* ModuleListViewController.h */,
				2F468A4A13BA03C40087DC3E /* ModuleListViewController.m */,
				431B7CE313BDB3190051F3FE /* BasketTableViewController.h */,
				431B7CE413BDB3190051F3FE /* BasketTableViewController.m */,
				05BE960B13BF4993000DCDDB /* RequirementPlacingViewController.h */,
				05BE960C13BF4993000DCDDB /* RequirementPlacingViewController.m */,
				1E2DE04E13D17C9400C3D8CA /* ListViewController.h */,
				1E2DE04F13D17C9400C3D8CA /* ListViewController.m */,
			);
			name = Controllers;
			sourceTree = "<group>";
		};
		43D2F46413B0EA0B006EAA46 /* images */ = {
			isa = PBXGroup;
			children = (
				71FC06AD13D2201D00DC1F3D /* timetable with days.png */,
				05BF137413C0164600CDDB6C /* unchecked.png */,
				1E2DDF6A13D1607400C3D8CA /* save.png */,
				05BF137213C0164000CDDB6C /* checked.png */,
				05BE962C13BF4DDC000DCDDB /* plus.png */,
				4371926213B8C3E600AAC77C /* shopping_cart.png */,
				438BC7D113B4B78E003D1B52 /* calendar.png */,
				438BC7D213B4B78E003D1B52 /* gear.png */,
				2F18842013B9CA3B006DCC66 /* logo.png */,
				1E2DB94313C84D9600C3D8CA /* refresh.png */,
				438BC7D313B4B78E003D1B52 /* pencil.png */,
				1E2DB94113C84AFC00C3D8CA /* next.png */,
				438BC7D413B4B78E003D1B52 /* runner.png */,
				438BC7D513B4B78E003D1B52 /* selected_tab_item.png */,
				438BC7D613B4B78E003D1B52 /* tab bar.png */,
			);
			name = images;
			sourceTree = "<group>";
		};
		B6ED0D7613AC9E24003C229D /* XMLNodeClasses */ = {
			isa = PBXGroup;
			children = (
				B6ED0D8013AC9F02003C229D /* XMLFaculty.h */,
				B6ED0D8113AC9F02003C229D /* XMLFaculty.m */,
				B6ED0D8313AC9F10003C229D /* XMLModule.h */,
				B6ED0D8413AC9F10003C229D /* XMLModule.m */,
				B6ED0D8613AC9F24003C229D /* XMLTimeTableSlot.h */,
				B6ED0D8713AC9F24003C229D /* XMLTimeTableSlot.m */,
			);
			name = XMLNodeClasses;
			sourceTree = "<group>";
		};
/* End PBXGroup section */

/* Begin PBXNativeTarget section */
		1D6058900D05DD3D006BFB54 /* iPlan */ = {
			isa = PBXNativeTarget;
			buildConfigurationList = 1D6058960D05DD3E006BFB54 /* Build configuration list for PBXNativeTarget "iPlan" */;
			buildPhases = (
				1D60588D0D05DD3D006BFB54 /* Resources */,
				1D60588E0D05DD3D006BFB54 /* Sources */,
				1D60588F0D05DD3D006BFB54 /* Frameworks */,
			);
			buildRules = (
			);
			dependencies = (
			);
			name = iPlan;
			productName = iPlan;
			productReference = 1D6058910D05DD3D006BFB54 /* iPlan.app */;
			productType = "com.apple.product-type.application";
		};
/* End PBXNativeTarget section */

/* Begin PBXProject section */
		29B97313FDCFA39411CA2CEA /* Project object */ = {
			isa = PBXProject;
			buildConfigurationList = C01FCF4E08A954540054247B /* Build configuration list for PBXProject "iPlan" */;
			compatibilityVersion = "Xcode 3.1";
			developmentRegion = English;
			hasScannedForEncodings = 1;
			knownRegions = (
				English,
				Japanese,
				French,
				German,
			);
			mainGroup = 29B97314FDCFA39411CA2CEA /* CustomTemplate */;
			projectDirPath = "";
			projectRoot = "";
			targets = (
				1D6058900D05DD3D006BFB54 /* iPlan */,
			);
		};
/* End PBXProject section */

/* Begin PBXResourcesBuildPhase section */
		1D60588D0D05DD3D006BFB54 /* Resources */ = {
			isa = PBXResourcesBuildPhase;
			buildActionMask = 2147483647;
			files = (
				28AD733F0D9D9553002E5188 /* MainWindow.xib in Resources */,
				2899E5220DE3E06400AC0155 /* iPlanViewController.xib in Resources */,
				B6FE12F913B0E67900570671 /* cors.xml in Resources */,
				438BC7D813B4B78E003D1B52 /* calendar.png in Resources */,
				438BC7D913B4B78E003D1B52 /* gear.png in Resources */,
				438BC7DA13B4B78E003D1B52 /* pencil.png in Resources */,
				438BC7DB13B4B78E003D1B52 /* runner.png in Resources */,
				438BC7DC13B4B78E003D1B52 /* selected_tab_item.png in Resources */,
				438BC7DD13B4B78E003D1B52 /* tab bar.png in Resources */,
				4371926313B8C3E600AAC77C /* shopping_cart.png in Resources */,
				2F18842113B9CA3B006DCC66 /* logo.png in Resources */,
				2F18843113B9D03F006DCC66 /* SettingsViewController.xib in Resources */,
				2F1884D413B9DA79006DCC66 /* HelpViewController.xib in Resources */,
				2FD7C7F313BB11FB00B00C99 /* ModuleInfoViewController.xib in Resources */,
				2FD7C8CF13BB2DB000B00C99 /* ModuleInfoCell.xib in Resources */,
				05BE960F13BF4993000DCDDB /* RequirementPlacingViewController.xib in Resources */,
				05BE962D13BF4DDC000DCDDB /* plus.png in Resources */,
				05BF137313C0164000CDDB6C /* checked.png in Resources */,
				05BF137513C0164600CDDB6C /* unchecked.png in Resources */,
				1E2DB48113C749C700C3D8CA /* CalendarViewController.xib in Resources */,
				1E2DB4A713C74BBB00C3D8CA /* ModuleListViewController.xib in Resources */,
				1E2DB94213C84AFC00C3D8CA /* next.png in Resources */,
				1E2DB94413C84D9600C3D8CA /* refresh.png in Resources */,
				43E627CB13C9FC5D0016A8C2 /* Default.png in Resources */,
				05C05C6913D0A1F70049D5C0 /* OptionViewController.xib in Resources */,
				1E2DDF6B13D1607400C3D8CA /* save.png in Resources */,
				1E2DE05213D17C9400C3D8CA /* ListViewController.xib in Resources */,
				71FC06AE13D2201D00DC1F3D /* timetable with days.png in Resources */,
			);
			runOnlyForDeploymentPostprocessing = 0;
		};
/* End PBXResourcesBuildPhase section */

/* Begin PBXSourcesBuildPhase section */
		1D60588E0D05DD3D006BFB54 /* Sources */ = {
			isa = PBXSourcesBuildPhase;
			buildActionMask = 2147483647;
			files = (
				1D60589B0D05DD56006BFB54 /* main.m in Sources */,
				28D7ACF80DDB3853001CB0EB /* iPlanViewController.m in Sources */,
				B6ED0D7213AC8BFB003C229D /* ModuleXMLParser.m in Sources */,
				B6ED0D8213AC9F02003C229D /* XMLFaculty.m in Sources */,
				B6ED0D8513AC9F10003C229D /* XMLModule.m in Sources */,
				B6ED0D8813AC9F24003C229D /* XMLTimeTableSlot.m in Sources */,
				B6ED0EC513ADE1F8003C229D /* ClassGroup.m in Sources */,
				B6ED0EC613ADE1F8003C229D /* ModelLogic.m in Sources */,
				B6ED0EC713ADE1F8003C229D /* Module.m in Sources */,
				B6ED0EC813ADE1F8003C229D /* ModuleClassType.m in Sources */,
				B6ED0EC913ADE1F8003C229D /* Slot.m in Sources */,
				B6491D6013AF8B7200782587 /* IPlanUtility.m in Sources */,
				43D2F44A13B0E65F006EAA46 /* CalendarViewController.m in Sources */,
				4308D82F13B5CEF200E1AEF2 /* UIViewWithLine.m in Sources */,
				2F18843013B9D03F006DCC66 /* SettingsViewController.m in Sources */,
				2F1884D313B9DA79006DCC66 /* HelpViewController.m in Sources */,
				2F468A4C13BA03C40087DC3E /* ModuleListViewController.m in Sources */,
				05CC47BA13BA23500075B186 /* AppDataObject.m in Sources */,
				05CC47BD13BA24760075B186 /* SharedAppDataObject.m in Sources */,
				2FD7C7F213BB11FB00B00C99 /* ModuleInfoViewController.m in Sources */,
				2FD7C8CE13BB2DB000B00C99 /* ModuleInfoCell.m in Sources */,
				7193087213BD1034001D9F8B /* TimeTable.m in Sources */,
				7193087413BD1087001D9F8B /* iPlanAppDelegate.m in Sources */,
				431B7CE513BDB3190051F3FE /* BasketTableViewController.m in Sources */,
				05BE960E13BF4993000DCDDB /* RequirementPlacingViewController.m in Sources */,
				1E2DB1B613C6EC6300C3D8CA /* SlotViewController.m in Sources */,
				1E2DB1B713C6EC6300C3D8CA /* DisplayViewController.m in Sources */,
				05E9D5FA13CF28E600B75CDF /* SFHFKeychainUtils.m in Sources */,
				B6CAE01413D181B700659C06 /* LAPIStudentTimeTableToiCalExporter.m in Sources */,
				05C05C6813D0A1F70049D5C0 /* OptionViewController.m in Sources */,
				1E2DE05113D17C9400C3D8CA /* ListViewController.m in Sources */,
			);
			runOnlyForDeploymentPostprocessing = 0;
		};
/* End PBXSourcesBuildPhase section */

/* Begin XCBuildConfiguration section */
		1D6058940D05DD3E006BFB54 /* Debug */ = {
			isa = XCBuildConfiguration;
			buildSettings = {
				ALWAYS_SEARCH_USER_PATHS = NO;
				COPY_PHASE_STRIP = NO;
				GCC_DYNAMIC_NO_PIC = NO;
				GCC_OPTIMIZATION_LEVEL = 0;
				GCC_PRECOMPILE_PREFIX_HEADER = YES;
				GCC_PREFIX_HEADER = iPlan_Prefix.pch;
				INFOPLIST_FILE = "iPlan-Info.plist";
				PRODUCT_NAME = iPlan;
			};
			name = Debug;
		};
		1D6058950D05DD3E006BFB54 /* Release */ = {
			isa = XCBuildConfiguration;
			buildSettings = {
				ALWAYS_SEARCH_USER_PATHS = NO;
				COPY_PHASE_STRIP = YES;
				GCC_PRECOMPILE_PREFIX_HEADER = YES;
				GCC_PREFIX_HEADER = iPlan_Prefix.pch;
				INFOPLIST_FILE = "iPlan-Info.plist";
				PRODUCT_NAME = iPlan;
				VALIDATE_PRODUCT = YES;
			};
			name = Release;
		};
		C01FCF4F08A954540054247B /* Debug */ = {
			isa = XCBuildConfiguration;
			buildSettings = {
				ARCHS = "$(ARCHS_STANDARD_32_BIT)";
				"CODE_SIGN_IDENTITY[sdk=iphoneos*]" = "iPhone Developer";
				GCC_C_LANGUAGE_STANDARD = c99;
				GCC_WARN_ABOUT_RETURN_TYPE = YES;
				GCC_WARN_UNUSED_VARIABLE = YES;
				PREBINDING = NO;
				"PROVISIONING_PROFILE[sdk=iphoneos*]" = "";
				SDKROOT = iphoneos;
			};
			name = Debug;
		};
		C01FCF5008A954540054247B /* Release */ = {
			isa = XCBuildConfiguration;
			buildSettings = {
				ARCHS = "$(ARCHS_STANDARD_32_BIT)";
				"CODE_SIGN_IDENTITY[sdk=iphoneos*]" = "iPhone Developer";
				GCC_C_LANGUAGE_STANDARD = c99;
				GCC_WARN_ABOUT_RETURN_TYPE = YES;
				GCC_WARN_UNUSED_VARIABLE = YES;
				OTHER_CFLAGS = "-DNS_BLOCK_ASSERTIONS=1";
				PREBINDING = NO;
				"PROVISIONING_PROFILE[sdk=iphoneos*]" = "";
				SDKROOT = iphoneos;
			};
			name = Release;
		};
/* End XCBuildConfiguration section */

/* Begin XCConfigurationList section */
		1D6058960D05DD3E006BFB54 /* Build configuration list for PBXNativeTarget "iPlan" */ = {
			isa = XCConfigurationList;
			buildConfigurations = (
				1D6058940D05DD3E006BFB54 /* Debug */,
				1D6058950D05DD3E006BFB54 /* Release */,
			);
			defaultConfigurationIsVisible = 0;
			defaultConfigurationName = Release;
		};
		C01FCF4E08A954540054247B /* Build configuration list for PBXProject "iPlan" */ = {
			isa = XCConfigurationList;
			buildConfigurations = (
				C01FCF4F08A954540054247B /* Debug */,
				C01FCF5008A954540054247B /* Release */,
			);
			defaultConfigurationIsVisible = 0;
			defaultConfigurationName = Release;
		};
/* End XCConfigurationList section */
	};
	rootObject = 29B97313FDCFA39411CA2CEA /* Project object */;
}
